
Microsoft Visual Studio Solution File, Format Version 12.00
# Visual Studio 2013
VisualStudioVersion = 12.0.30324.0
MinimumVisualStudioVersion = 10.0.40219.1
Project("{FAE04EC0-301F-11D3-BF4B-00C04F79EFBC}") = "XamarinStore.Droid", "XamarinStore.Droid\XamarinStore.Droid.csproj", "{E96837AE-F19A-4467-AE2D-2C4FDCD8A0F3}"
EndProject
Project("{FAE04EC0-301F-11D3-BF4B-00C04F79EFBC}") = "XamarinStore.iOS", "XamarinStore.iOS\XamarinStore.iOS.csproj", "{FC7E7851-4A32-4B43-A9E6-F68AC1EF613E}"
EndProject
Project("{2150E333-8FDC-42A3-9474-1A3956D46DE8}") = "Solution Items", "Solution Items", "{14F0E067-C252-4D65-9BA2-D8C3D4D06910}"
	ProjectSection(SolutionItems) = preProject
		build.fsx = build.fsx
		tools\TestFlightHelper.fsx = tools\TestFlightHelper.fsx
		tools\XamarinHelper.fsx = tools\XamarinHelper.fsx
	EndProjectSection
EndProject
Project("{D954291E-2A0B-460D-934E-DC6B0785DB48}") = "XamarinStore.Shared", "XamarinStore.Shared\XamarinStore.Shared.shproj", "{33F7EEBF-AE8F-426F-8FCB-C3A0A8463240}"
EndProject
Project("{FAE04EC0-301F-11D3-BF4B-00C04F79EFBC}") = "XamarinStore.WindowsPhone", "XamarinStore.WindowsPhone\XamarinStore.WindowsPhone.csproj", "{87B2C0D1-219B-4449-8ECE-E8C24102A0EC}"
EndProject
Project("{FAE04EC0-301F-11D3-BF4B-00C04F79EFBC}") = "XamarinStore.Windows", "XamarinStore.Windows\XamarinStore.Windows.csproj", "{25CE7503-012F-47D3-B793-1DFC9ED71653}"
EndProject
Project("{FAE04EC0-301F-11D3-BF4B-00C04F79EFBC}") = "XamarinStore.Core", "XamarinStore.Core\XamarinStore.Core.csproj", "{51F6AB64-7118-4430-980D-1F318828ECF9}"
EndProject
Project("{2150E333-8FDC-42A3-9474-1A3956D46DE8}") = ".nuget", ".nuget", "{A2BA3BC0-C579-4CBA-924C-845AE11D8F97}"
	ProjectSection(SolutionItems) = preProject
		.nuget\NuGet.Config = .nuget\NuGet.Config
		.nuget\NuGet.exe = .nuget\NuGet.exe
		.nuget\NuGet.targets = .nuget\NuGet.targets
	EndProjectSection
EndProject
Global
	GlobalSection(SharedMSBuildProjectFiles) = preSolution
		XamarinStore.Shared\XamarinStore.Shared.projitems*{25ce7503-012f-47d3-b793-1dfc9ed71653}*SharedItemsImports = 4
		XamarinStore.Shared\XamarinStore.Shared.projitems*{87b2c0d1-219b-4449-8ece-e8c24102a0ec}*SharedItemsImports = 4
		XamarinStore.Shared\XamarinStore.Shared.projitems*{33f7eebf-ae8f-426f-8fcb-c3a0a8463240}*SharedItemsImports = 13
	EndGlobalSection
	GlobalSection(SolutionConfigurationPlatforms) = preSolution
		Ad-Hoc|Any CPU = Ad-Hoc|Any CPU
		Ad-Hoc|ARM = Ad-Hoc|ARM
		Ad-Hoc|iPhone = Ad-Hoc|iPhone
		Ad-Hoc|iPhoneSimulator = Ad-Hoc|iPhoneSimulator
		Ad-Hoc|Mixed Platforms = Ad-Hoc|Mixed Platforms
		Ad-Hoc|x64 = Ad-Hoc|x64
		Ad-Hoc|x86 = Ad-Hoc|x86
		AppStore|Any CPU = AppStore|Any CPU
		AppStore|ARM = AppStore|ARM
		AppStore|iPhone = AppStore|iPhone
		AppStore|iPhoneSimulator = AppStore|iPhoneSimulator
		AppStore|Mixed Platforms = AppStore|Mixed Platforms
		AppStore|x64 = AppStore|x64
		AppStore|x86 = AppStore|x86
		Debug|Any CPU = Debug|Any CPU
		Debug|ARM = Debug|ARM
		Debug|iPhone = Debug|iPhone
		Debug|iPhoneSimulator = Debug|iPhoneSimulator
		Debug|Mixed Platforms = Debug|Mixed Platforms
		Debug|x64 = Debug|x64
		Debug|x86 = Debug|x86
		Release|Any CPU = Release|Any CPU
		Release|ARM = Release|ARM
		Release|iPhone = Release|iPhone
		Release|iPhoneSimulator = Release|iPhoneSimulator
		Release|Mixed Platforms = Release|Mixed Platforms
		Release|x64 = Release|x64
		Release|x86 = Release|x86
	EndGlobalSection
	GlobalSection(ProjectConfigurationPlatforms) = postSolution
		{E96837AE-F19A-4467-AE2D-2C4FDCD8A0F3}.Ad-Hoc|Any CPU.ActiveCfg = Debug|Any CPU
		{E96837AE-F19A-4467-AE2D-2C4FDCD8A0F3}.Ad-Hoc|Any CPU.Build.0 = Debug|Any CPU
		{E96837AE-F19A-4467-AE2D-2C4FDCD8A0F3}.Ad-Hoc|Any CPU.Deploy.0 = Debug|Any CPU
		{E96837AE-F19A-4467-AE2D-2C4FDCD8A0F3}.Ad-Hoc|ARM.ActiveCfg = Release|Any CPU
		{E96837AE-F19A-4467-AE2D-2C4FDCD8A0F3}.Ad-Hoc|iPhone.ActiveCfg = Release|Any CPU
		{E96837AE-F19A-4467-AE2D-2C4FDCD8A0F3}.Ad-Hoc|iPhone.Build.0 = Release|Any CPU
		{E96837AE-F19A-4467-AE2D-2C4FDCD8A0F3}.Ad-Hoc|iPhoneSimulator.ActiveCfg = Debug|Any CPU
		{E96837AE-F19A-4467-AE2D-2C4FDCD8A0F3}.Ad-Hoc|Mixed Platforms.ActiveCfg = Release|Any CPU
		{E96837AE-F19A-4467-AE2D-2C4FDCD8A0F3}.Ad-Hoc|Mixed Platforms.Build.0 = Release|Any CPU
		{E96837AE-F19A-4467-AE2D-2C4FDCD8A0F3}.Ad-Hoc|Mixed Platforms.Deploy.0 = Release|Any CPU
		{E96837AE-F19A-4467-AE2D-2C4FDCD8A0F3}.Ad-Hoc|x64.ActiveCfg = Release|Any CPU
		{E96837AE-F19A-4467-AE2D-2C4FDCD8A0F3}.Ad-Hoc|x86.ActiveCfg = Release|Any CPU
		{E96837AE-F19A-4467-AE2D-2C4FDCD8A0F3}.AppStore|Any CPU.ActiveCfg = Debug|Any CPU
		{E96837AE-F19A-4467-AE2D-2C4FDCD8A0F3}.AppStore|Any CPU.Build.0 = Debug|Any CPU
		{E96837AE-F19A-4467-AE2D-2C4FDCD8A0F3}.AppStore|Any CPU.Deploy.0 = Debug|Any CPU
		{E96837AE-F19A-4467-AE2D-2C4FDCD8A0F3}.AppStore|ARM.ActiveCfg = Release|Any CPU
		{E96837AE-F19A-4467-AE2D-2C4FDCD8A0F3}.AppStore|iPhone.ActiveCfg = Release|Any CPU
		{E96837AE-F19A-4467-AE2D-2C4FDCD8A0F3}.AppStore|iPhone.Build.0 = Release|Any CPU
		{E96837AE-F19A-4467-AE2D-2C4FDCD8A0F3}.AppStore|iPhoneSimulator.ActiveCfg = Debug|Any CPU
		{E96837AE-F19A-4467-AE2D-2C4FDCD8A0F3}.AppStore|Mixed Platforms.ActiveCfg = Release|Any CPU
		{E96837AE-F19A-4467-AE2D-2C4FDCD8A0F3}.AppStore|Mixed Platforms.Build.0 = Release|Any CPU
		{E96837AE-F19A-4467-AE2D-2C4FDCD8A0F3}.AppStore|Mixed Platforms.Deploy.0 = Release|Any CPU
		{E96837AE-F19A-4467-AE2D-2C4FDCD8A0F3}.AppStore|x64.ActiveCfg = Release|Any CPU
		{E96837AE-F19A-4467-AE2D-2C4FDCD8A0F3}.AppStore|x86.ActiveCfg = Release|Any CPU
		{E96837AE-F19A-4467-AE2D-2C4FDCD8A0F3}.Debug|Any CPU.ActiveCfg = Debug|Any CPU
		{E96837AE-F19A-4467-AE2D-2C4FDCD8A0F3}.Debug|Any CPU.Build.0 = Debug|Any CPU
		{E96837AE-F19A-4467-AE2D-2C4FDCD8A0F3}.Debug|Any CPU.Deploy.0 = Debug|Any CPU
		{E96837AE-F19A-4467-AE2D-2C4FDCD8A0F3}.Debug|ARM.ActiveCfg = Debug|Any CPU
		{E96837AE-F19A-4467-AE2D-2C4FDCD8A0F3}.Debug|iPhone.ActiveCfg = Debug|Any CPU
		{E96837AE-F19A-4467-AE2D-2C4FDCD8A0F3}.Debug|iPhone.Build.0 = Debug|Any CPU
		{E96837AE-F19A-4467-AE2D-2C4FDCD8A0F3}.Debug|iPhone.Deploy.0 = Debug|Any CPU
		{E96837AE-F19A-4467-AE2D-2C4FDCD8A0F3}.Debug|iPhoneSimulator.ActiveCfg = Debug|Any CPU
		{E96837AE-F19A-4467-AE2D-2C4FDCD8A0F3}.Debug|iPhoneSimulator.Build.0 = Debug|Any CPU
		{E96837AE-F19A-4467-AE2D-2C4FDCD8A0F3}.Debug|iPhoneSimulator.Deploy.0 = Debug|Any CPU
		{E96837AE-F19A-4467-AE2D-2C4FDCD8A0F3}.Debug|Mixed Platforms.ActiveCfg = Debug|Any CPU
		{E96837AE-F19A-4467-AE2D-2C4FDCD8A0F3}.Debug|Mixed Platforms.Build.0 = Debug|Any CPU
		{E96837AE-F19A-4467-AE2D-2C4FDCD8A0F3}.Debug|Mixed Platforms.Deploy.0 = Debug|Any CPU
		{E96837AE-F19A-4467-AE2D-2C4FDCD8A0F3}.Debug|x64.ActiveCfg = Debug|Any CPU
		{E96837AE-F19A-4467-AE2D-2C4FDCD8A0F3}.Debug|x86.ActiveCfg = Debug|Any CPU
		{E96837AE-F19A-4467-AE2D-2C4FDCD8A0F3}.Release|Any CPU.ActiveCfg = Release|Any CPU
		{E96837AE-F19A-4467-AE2D-2C4FDCD8A0F3}.Release|Any CPU.Build.0 = Release|Any CPU
		{E96837AE-F19A-4467-AE2D-2C4FDCD8A0F3}.Release|ARM.ActiveCfg = Release|Any CPU
		{E96837AE-F19A-4467-AE2D-2C4FDCD8A0F3}.Release|iPhone.ActiveCfg = Release|Any CPU
		{E96837AE-F19A-4467-AE2D-2C4FDCD8A0F3}.Release|iPhone.Build.0 = Release|Any CPU
		{E96837AE-F19A-4467-AE2D-2C4FDCD8A0F3}.Release|iPhoneSimulator.ActiveCfg = Release|Any CPU
		{E96837AE-F19A-4467-AE2D-2C4FDCD8A0F3}.Release|iPhoneSimulator.Build.0 = Release|Any CPU
		{E96837AE-F19A-4467-AE2D-2C4FDCD8A0F3}.Release|Mixed Platforms.ActiveCfg = Release|Any CPU
		{E96837AE-F19A-4467-AE2D-2C4FDCD8A0F3}.Release|Mixed Platforms.Build.0 = Release|Any CPU
		{E96837AE-F19A-4467-AE2D-2C4FDCD8A0F3}.Release|Mixed Platforms.Deploy.0 = Release|Any CPU
		{E96837AE-F19A-4467-AE2D-2C4FDCD8A0F3}.Release|x64.ActiveCfg = Release|Any CPU
		{E96837AE-F19A-4467-AE2D-2C4FDCD8A0F3}.Release|x86.ActiveCfg = Release|Any CPU
		{FC7E7851-4A32-4B43-A9E6-F68AC1EF613E}.Ad-Hoc|Any CPU.ActiveCfg = Ad-Hoc|iPhoneSimulator
		{FC7E7851-4A32-4B43-A9E6-F68AC1EF613E}.Ad-Hoc|ARM.ActiveCfg = Ad-Hoc|iPhone
		{FC7E7851-4A32-4B43-A9E6-F68AC1EF613E}.Ad-Hoc|iPhone.ActiveCfg = Ad-Hoc|iPhone
		{FC7E7851-4A32-4B43-A9E6-F68AC1EF613E}.Ad-Hoc|iPhone.Build.0 = Ad-Hoc|iPhone
		{FC7E7851-4A32-4B43-A9E6-F68AC1EF613E}.Ad-Hoc|iPhoneSimulator.ActiveCfg = Ad-Hoc|iPhoneSimulator
		{FC7E7851-4A32-4B43-A9E6-F68AC1EF613E}.Ad-Hoc|iPhoneSimulator.Build.0 = Ad-Hoc|iPhoneSimulator
		{FC7E7851-4A32-4B43-A9E6-F68AC1EF613E}.Ad-Hoc|Mixed Platforms.ActiveCfg = Ad-Hoc|iPhone
		{FC7E7851-4A32-4B43-A9E6-F68AC1EF613E}.Ad-Hoc|Mixed Platforms.Build.0 = Ad-Hoc|iPhone
		{FC7E7851-4A32-4B43-A9E6-F68AC1EF613E}.Ad-Hoc|Mixed Platforms.Deploy.0 = Ad-Hoc|iPhone
		{FC7E7851-4A32-4B43-A9E6-F68AC1EF613E}.Ad-Hoc|x64.ActiveCfg = Ad-Hoc|iPhone
		{FC7E7851-4A32-4B43-A9E6-F68AC1EF613E}.Ad-Hoc|x86.ActiveCfg = Ad-Hoc|iPhone
		{FC7E7851-4A32-4B43-A9E6-F68AC1EF613E}.AppStore|Any CPU.ActiveCfg = AppStore|iPhoneSimulator
		{FC7E7851-4A32-4B43-A9E6-F68AC1EF613E}.AppStore|ARM.ActiveCfg = AppStore|iPhone
		{FC7E7851-4A32-4B43-A9E6-F68AC1EF613E}.AppStore|iPhone.ActiveCfg = AppStore|iPhone
		{FC7E7851-4A32-4B43-A9E6-F68AC1EF613E}.AppStore|iPhone.Build.0 = AppStore|iPhone
		{FC7E7851-4A32-4B43-A9E6-F68AC1EF613E}.AppStore|iPhoneSimulator.ActiveCfg = AppStore|iPhoneSimulator
		{FC7E7851-4A32-4B43-A9E6-F68AC1EF613E}.AppStore|iPhoneSimulator.Build.0 = AppStore|iPhoneSimulator
		{FC7E7851-4A32-4B43-A9E6-F68AC1EF613E}.AppStore|Mixed Platforms.ActiveCfg = AppStore|iPhone
		{FC7E7851-4A32-4B43-A9E6-F68AC1EF613E}.AppStore|Mixed Platforms.Build.0 = AppStore|iPhone
		{FC7E7851-4A32-4B43-A9E6-F68AC1EF613E}.AppStore|Mixed Platforms.Deploy.0 = AppStore|iPhone
		{FC7E7851-4A32-4B43-A9E6-F68AC1EF613E}.AppStore|x64.ActiveCfg = AppStore|iPhone
		{FC7E7851-4A32-4B43-A9E6-F68AC1EF613E}.AppStore|x86.ActiveCfg = AppStore|iPhone
		{FC7E7851-4A32-4B43-A9E6-F68AC1EF613E}.Debug|Any CPU.ActiveCfg = Debug|iPhoneSimulator
		{FC7E7851-4A32-4B43-A9E6-F68AC1EF613E}.Debug|Any CPU.Build.0 = Debug|iPhoneSimulator
		{FC7E7851-4A32-4B43-A9E6-F68AC1EF613E}.Debug|ARM.ActiveCfg = Debug|iPhone
		{FC7E7851-4A32-4B43-A9E6-F68AC1EF613E}.Debug|iPhone.ActiveCfg = Debug|iPhone
		{FC7E7851-4A32-4B43-A9E6-F68AC1EF613E}.Debug|iPhone.Build.0 = Debug|iPhone
		{FC7E7851-4A32-4B43-A9E6-F68AC1EF613E}.Debug|iPhoneSimulator.ActiveCfg = Debug|iPhoneSimulator
		{FC7E7851-4A32-4B43-A9E6-F68AC1EF613E}.Debug|iPhoneSimulator.Build.0 = Debug|iPhoneSimulator
		{FC7E7851-4A32-4B43-A9E6-F68AC1EF613E}.Debug|iPhoneSimulator.Deploy.0 = Debug|iPhoneSimulator
		{FC7E7851-4A32-4B43-A9E6-F68AC1EF613E}.Debug|Mixed Platforms.ActiveCfg = Debug|iPhone
		{FC7E7851-4A32-4B43-A9E6-F68AC1EF613E}.Debug|Mixed Platforms.Build.0 = Debug|iPhone
		{FC7E7851-4A32-4B43-A9E6-F68AC1EF613E}.Debug|Mixed Platforms.Deploy.0 = Debug|iPhone
		{FC7E7851-4A32-4B43-A9E6-F68AC1EF613E}.Debug|x64.ActiveCfg = Debug|iPhone
		{FC7E7851-4A32-4B43-A9E6-F68AC1EF613E}.Debug|x86.ActiveCfg = Debug|iPhone
		{FC7E7851-4A32-4B43-A9E6-F68AC1EF613E}.Release|Any CPU.ActiveCfg = Release|iPhone
		{FC7E7851-4A32-4B43-A9E6-F68AC1EF613E}.Release|Any CPU.Build.0 = Release|iPhone
		{FC7E7851-4A32-4B43-A9E6-F68AC1EF613E}.Release|ARM.ActiveCfg = Release|iPhoneSimulator
		{FC7E7851-4A32-4B43-A9E6-F68AC1EF613E}.Release|iPhone.ActiveCfg = Release|iPhone
		{FC7E7851-4A32-4B43-A9E6-F68AC1EF613E}.Release|iPhone.Build.0 = Release|iPhone
		{FC7E7851-4A32-4B43-A9E6-F68AC1EF613E}.Release|iPhoneSimulator.ActiveCfg = Release|iPhoneSimulator
		{FC7E7851-4A32-4B43-A9E6-F68AC1EF613E}.Release|iPhoneSimulator.Build.0 = Release|iPhoneSimulator
		{FC7E7851-4A32-4B43-A9E6-F68AC1EF613E}.Release|Mixed Platforms.ActiveCfg = Release|iPhoneSimulator
		{FC7E7851-4A32-4B43-A9E6-F68AC1EF613E}.Release|Mixed Platforms.Build.0 = Release|iPhoneSimulator
		{FC7E7851-4A32-4B43-A9E6-F68AC1EF613E}.Release|Mixed Platforms.Deploy.0 = Release|iPhoneSimulator
		{FC7E7851-4A32-4B43-A9E6-F68AC1EF613E}.Release|x64.ActiveCfg = Release|iPhoneSimulator
		{FC7E7851-4A32-4B43-A9E6-F68AC1EF613E}.Release|x86.ActiveCfg = Release|iPhoneSimulator
		{87B2C0D1-219B-4449-8ECE-E8C24102A0EC}.Ad-Hoc|Any CPU.ActiveCfg = Release|Any CPU
		{87B2C0D1-219B-4449-8ECE-E8C24102A0EC}.Ad-Hoc|Any CPU.Build.0 = Release|Any CPU
		{87B2C0D1-219B-4449-8ECE-E8C24102A0EC}.Ad-Hoc|Any CPU.Deploy.0 = Release|Any CPU
		{87B2C0D1-219B-4449-8ECE-E8C24102A0EC}.Ad-Hoc|ARM.ActiveCfg = Release|ARM
		{87B2C0D1-219B-4449-8ECE-E8C24102A0EC}.Ad-Hoc|ARM.Build.0 = Release|ARM
		{87B2C0D1-219B-4449-8ECE-E8C24102A0EC}.Ad-Hoc|ARM.Deploy.0 = Release|ARM
		{87B2C0D1-219B-4449-8ECE-E8C24102A0EC}.Ad-Hoc|iPhone.ActiveCfg = Release|Any CPU
		{87B2C0D1-219B-4449-8ECE-E8C24102A0EC}.Ad-Hoc|iPhoneSimulator.ActiveCfg = Release|Any CPU
		{87B2C0D1-219B-4449-8ECE-E8C24102A0EC}.Ad-Hoc|Mixed Platforms.ActiveCfg = Release|x86
		{87B2C0D1-219B-4449-8ECE-E8C24102A0EC}.Ad-Hoc|Mixed Platforms.Build.0 = Release|x86
		{87B2C0D1-219B-4449-8ECE-E8C24102A0EC}.Ad-Hoc|Mixed Platforms.Deploy.0 = Release|x86
		{87B2C0D1-219B-4449-8ECE-E8C24102A0EC}.Ad-Hoc|x64.ActiveCfg = Release|Any CPU
		{87B2C0D1-219B-4449-8ECE-E8C24102A0EC}.Ad-Hoc|x86.ActiveCfg = Release|x86
		{87B2C0D1-219B-4449-8ECE-E8C24102A0EC}.Ad-Hoc|x86.Build.0 = Release|x86
		{87B2C0D1-219B-4449-8ECE-E8C24102A0EC}.Ad-Hoc|x86.Deploy.0 = Release|x86
		{87B2C0D1-219B-4449-8ECE-E8C24102A0EC}.AppStore|Any CPU.ActiveCfg = Release|Any CPU
		{87B2C0D1-219B-4449-8ECE-E8C24102A0EC}.AppStore|Any CPU.Build.0 = Release|Any CPU
		{87B2C0D1-219B-4449-8ECE-E8C24102A0EC}.AppStore|Any CPU.Deploy.0 = Release|Any CPU
		{87B2C0D1-219B-4449-8ECE-E8C24102A0EC}.AppStore|ARM.ActiveCfg = Release|ARM
		{87B2C0D1-219B-4449-8ECE-E8C24102A0EC}.AppStore|ARM.Build.0 = Release|ARM
		{87B2C0D1-219B-4449-8ECE-E8C24102A0EC}.AppStore|ARM.Deploy.0 = Release|ARM
		{87B2C0D1-219B-4449-8ECE-E8C24102A0EC}.AppStore|iPhone.ActiveCfg = Release|Any CPU
		{87B2C0D1-219B-4449-8ECE-E8C24102A0EC}.AppStore|iPhoneSimulator.ActiveCfg = Release|Any CPU
		{87B2C0D1-219B-4449-8ECE-E8C24102A0EC}.AppStore|Mixed Platforms.ActiveCfg = Release|x86
		{87B2C0D1-219B-4449-8ECE-E8C24102A0EC}.AppStore|Mixed Platforms.Build.0 = Release|x86
		{87B2C0D1-219B-4449-8ECE-E8C24102A0EC}.AppStore|Mixed Platforms.Deploy.0 = Release|x86
		{87B2C0D1-219B-4449-8ECE-E8C24102A0EC}.AppStore|x64.ActiveCfg = Release|Any CPU
		{87B2C0D1-219B-4449-8ECE-E8C24102A0EC}.AppStore|x86.ActiveCfg = Release|x86
		{87B2C0D1-219B-4449-8ECE-E8C24102A0EC}.AppStore|x86.Build.0 = Release|x86
		{87B2C0D1-219B-4449-8ECE-E8C24102A0EC}.AppStore|x86.Deploy.0 = Release|x86
		{87B2C0D1-219B-4449-8ECE-E8C24102A0EC}.Debug|Any CPU.ActiveCfg = Debug|Any CPU
		{87B2C0D1-219B-4449-8ECE-E8C24102A0EC}.Debug|Any CPU.Build.0 = Debug|Any CPU
		{87B2C0D1-219B-4449-8ECE-E8C24102A0EC}.Debug|Any CPU.Deploy.0 = Debug|Any CPU
		{87B2C0D1-219B-4449-8ECE-E8C24102A0EC}.Debug|ARM.ActiveCfg = Debug|ARM
		{87B2C0D1-219B-4449-8ECE-E8C24102A0EC}.Debug|ARM.Build.0 = Debug|ARM
		{87B2C0D1-219B-4449-8ECE-E8C24102A0EC}.Debug|ARM.Deploy.0 = Debug|ARM
		{87B2C0D1-219B-4449-8ECE-E8C24102A0EC}.Debug|iPhone.ActiveCfg = Debug|Any CPU
		{87B2C0D1-219B-4449-8ECE-E8C24102A0EC}.Debug|iPhoneSimulator.ActiveCfg = Debug|Any CPU
		{87B2C0D1-219B-4449-8ECE-E8C24102A0EC}.Debug|Mixed Platforms.ActiveCfg = Debug|x86
		{87B2C0D1-219B-4449-8ECE-E8C24102A0EC}.Debug|Mixed Platforms.Build.0 = Debug|x86
		{87B2C0D1-219B-4449-8ECE-E8C24102A0EC}.Debug|Mixed Platforms.Deploy.0 = Debug|x86
		{87B2C0D1-219B-4449-8ECE-E8C24102A0EC}.Debug|x64.ActiveCfg = Debug|Any CPU
		{87B2C0D1-219B-4449-8ECE-E8C24102A0EC}.Debug|x86.ActiveCfg = Debug|x86
		{87B2C0D1-219B-4449-8ECE-E8C24102A0EC}.Debug|x86.Build.0 = Debug|x86
		{87B2C0D1-219B-4449-8ECE-E8C24102A0EC}.Debug|x86.Deploy.0 = Debug|x86
		{87B2C0D1-219B-4449-8ECE-E8C24102A0EC}.Release|Any CPU.ActiveCfg = Release|Any CPU
		{87B2C0D1-219B-4449-8ECE-E8C24102A0EC}.Release|Any CPU.Build.0 = Release|Any CPU
		{87B2C0D1-219B-4449-8ECE-E8C24102A0EC}.Release|Any CPU.Deploy.0 = Release|Any CPU
		{87B2C0D1-219B-4449-8ECE-E8C24102A0EC}.Release|ARM.ActiveCfg = Release|ARM
		{87B2C0D1-219B-4449-8ECE-E8C24102A0EC}.Release|ARM.Build.0 = Release|ARM
		{87B2C0D1-219B-4449-8ECE-E8C24102A0EC}.Release|ARM.Deploy.0 = Release|ARM
		{87B2C0D1-219B-4449-8ECE-E8C24102A0EC}.Release|iPhone.ActiveCfg = Release|Any CPU
		{87B2C0D1-219B-4449-8ECE-E8C24102A0EC}.Release|iPhoneSimulator.ActiveCfg = Release|Any CPU
		{87B2C0D1-219B-4449-8ECE-E8C24102A0EC}.Release|Mixed Platforms.ActiveCfg = Release|x86
		{87B2C0D1-219B-4449-8ECE-E8C24102A0EC}.Release|Mixed Platforms.Build.0 = Release|x86
		{87B2C0D1-219B-4449-8ECE-E8C24102A0EC}.Release|Mixed Platforms.Deploy.0 = Release|x86
		{87B2C0D1-219B-4449-8ECE-E8C24102A0EC}.Release|x64.ActiveCfg = Release|Any CPU
		{87B2C0D1-219B-4449-8ECE-E8C24102A0EC}.Release|x86.ActiveCfg = Release|x86
		{87B2C0D1-219B-4449-8ECE-E8C24102A0EC}.Release|x86.Build.0 = Release|x86
		{87B2C0D1-219B-4449-8ECE-E8C24102A0EC}.Release|x86.Deploy.0 = Release|x86
		{25CE7503-012F-47D3-B793-1DFC9ED71653}.Ad-Hoc|Any CPU.ActiveCfg = Release|Any CPU
		{25CE7503-012F-47D3-B793-1DFC9ED71653}.Ad-Hoc|Any CPU.Build.0 = Release|Any CPU
		{25CE7503-012F-47D3-B793-1DFC9ED71653}.Ad-Hoc|Any CPU.Deploy.0 = Release|Any CPU
		{25CE7503-012F-47D3-B793-1DFC9ED71653}.Ad-Hoc|ARM.ActiveCfg = Release|ARM
		{25CE7503-012F-47D3-B793-1DFC9ED71653}.Ad-Hoc|ARM.Build.0 = Release|ARM
		{25CE7503-012F-47D3-B793-1DFC9ED71653}.Ad-Hoc|ARM.Deploy.0 = Release|ARM
		{25CE7503-012F-47D3-B793-1DFC9ED71653}.Ad-Hoc|iPhone.ActiveCfg = Release|Any CPU
		{25CE7503-012F-47D3-B793-1DFC9ED71653}.Ad-Hoc|iPhoneSimulator.ActiveCfg = Release|Any CPU
		{25CE7503-012F-47D3-B793-1DFC9ED71653}.Ad-Hoc|Mixed Platforms.ActiveCfg = Release|x86
		{25CE7503-012F-47D3-B793-1DFC9ED71653}.Ad-Hoc|Mixed Platforms.Build.0 = Release|x86
		{25CE7503-012F-47D3-B793-1DFC9ED71653}.Ad-Hoc|Mixed Platforms.Deploy.0 = Release|x86
		{25CE7503-012F-47D3-B793-1DFC9ED71653}.Ad-Hoc|x64.ActiveCfg = Release|x64
		{25CE7503-012F-47D3-B793-1DFC9ED71653}.Ad-Hoc|x64.Build.0 = Release|x64
		{25CE7503-012F-47D3-B793-1DFC9ED71653}.Ad-Hoc|x64.Deploy.0 = Release|x64
		{25CE7503-012F-47D3-B793-1DFC9ED71653}.Ad-Hoc|x86.ActiveCfg = Release|x86
		{25CE7503-012F-47D3-B793-1DFC9ED71653}.Ad-Hoc|x86.Build.0 = Release|x86
		{25CE7503-012F-47D3-B793-1DFC9ED71653}.Ad-Hoc|x86.Deploy.0 = Release|x86
		{25CE7503-012F-47D3-B793-1DFC9ED71653}.AppStore|Any CPU.ActiveCfg = Release|Any CPU
		{25CE7503-012F-47D3-B793-1DFC9ED71653}.AppStore|Any CPU.Build.0 = Release|Any CPU
		{25CE7503-012F-47D3-B793-1DFC9ED71653}.AppStore|Any CPU.Deploy.0 = Release|Any CPU
		{25CE7503-012F-47D3-B793-1DFC9ED71653}.AppStore|ARM.ActiveCfg = Release|ARM
		{25CE7503-012F-47D3-B793-1DFC9ED71653}.AppStore|ARM.Build.0 = Release|ARM
		{25CE7503-012F-47D3-B793-1DFC9ED71653}.AppStore|ARM.Deploy.0 = Release|ARM
		{25CE7503-012F-47D3-B793-1DFC9ED71653}.AppStore|iPhone.ActiveCfg = Release|Any CPU
		{25CE7503-012F-47D3-B793-1DFC9ED71653}.AppStore|iPhoneSimulator.ActiveCfg = Release|Any CPU
		{25CE7503-012F-47D3-B793-1DFC9ED71653}.AppStore|Mixed Platforms.ActiveCfg = Release|x86
		{25CE7503-012F-47D3-B793-1DFC9ED71653}.AppStore|Mixed Platforms.Build.0 = Release|x86
		{25CE7503-012F-47D3-B793-1DFC9ED71653}.AppStore|Mixed Platforms.Deploy.0 = Release|x86
		{25CE7503-012F-47D3-B793-1DFC9ED71653}.AppStore|x64.ActiveCfg = Release|x64
		{25CE7503-012F-47D3-B793-1DFC9ED71653}.AppStore|x64.Build.0 = Release|x64
		{25CE7503-012F-47D3-B793-1DFC9ED71653}.AppStore|x64.Deploy.0 = Release|x64
		{25CE7503-012F-47D3-B793-1DFC9ED71653}.AppStore|x86.ActiveCfg = Release|x86
		{25CE7503-012F-47D3-B793-1DFC9ED71653}.AppStore|x86.Build.0 = Release|x86
		{25CE7503-012F-47D3-B793-1DFC9ED71653}.AppStore|x86.Deploy.0 = Release|x86
		{25CE7503-012F-47D3-B793-1DFC9ED71653}.Debug|Any CPU.ActiveCfg = Debug|Any CPU
		{25CE7503-012F-47D3-B793-1DFC9ED71653}.Debug|Any CPU.Build.0 = Debug|Any CPU
		{25CE7503-012F-47D3-B793-1DFC9ED71653}.Debug|Any CPU.Deploy.0 = Debug|Any CPU
		{25CE7503-012F-47D3-B793-1DFC9ED71653}.Debug|ARM.ActiveCfg = Debug|ARM
		{25CE7503-012F-47D3-B793-1DFC9ED71653}.Debug|ARM.Build.0 = Debug|ARM
		{25CE7503-012F-47D3-B793-1DFC9ED71653}.Debug|ARM.Deploy.0 = Debug|ARM
		{25CE7503-012F-47D3-B793-1DFC9ED71653}.Debug|iPhone.ActiveCfg = Debug|Any CPU
		{25CE7503-012F-47D3-B793-1DFC9ED71653}.Debug|iPhoneSimulator.ActiveCfg = Debug|Any CPU
		{25CE7503-012F-47D3-B793-1DFC9ED71653}.Debug|Mixed Platforms.ActiveCfg = Debug|x86
		{25CE7503-012F-47D3-B793-1DFC9ED71653}.Debug|Mixed Platforms.Build.0 = Debug|x86
		{25CE7503-012F-47D3-B793-1DFC9ED71653}.Debug|Mixed Platforms.Deploy.0 = Debug|x86
		{25CE7503-012F-47D3-B793-1DFC9ED71653}.Debug|x64.ActiveCfg = Debug|x64
		{25CE7503-012F-47D3-B793-1DFC9ED71653}.Debug|x64.Build.0 = Debug|x64
		{25CE7503-012F-47D3-B793-1DFC9ED71653}.Debug|x64.Deploy.0 = Debug|x64
		{25CE7503-012F-47D3-B793-1DFC9ED71653}.Debug|x86.ActiveCfg = Debug|x86
		{25CE7503-012F-47D3-B793-1DFC9ED71653}.Debug|x86.Build.0 = Debug|x86
		{25CE7503-012F-47D3-B793-1DFC9ED71653}.Debug|x86.Deploy.0 = Debug|x86
		{25CE7503-012F-47D3-B793-1DFC9ED71653}.Release|Any CPU.ActiveCfg = Release|Any CPU
		{25CE7503-012F-47D3-B793-1DFC9ED71653}.Release|Any CPU.Build.0 = Release|Any CPU
		{25CE7503-012F-47D3-B793-1DFC9ED71653}.Release|Any CPU.Deploy.0 = Release|Any CPU
		{25CE7503-012F-47D3-B793-1DFC9ED71653}.Release|ARM.ActiveCfg = Release|ARM
		{25CE7503-012F-47D3-B793-1DFC9ED71653}.Release|ARM.Build.0 = Release|ARM
		{25CE7503-012F-47D3-B793-1DFC9ED71653}.Release|ARM.Deploy.0 = Release|ARM
		{25CE7503-012F-47D3-B793-1DFC9ED71653}.Release|iPhone.ActiveCfg = Release|Any CPU
		{25CE7503-012F-47D3-B793-1DFC9ED71653}.Release|iPhoneSimulator.ActiveCfg = Release|Any CPU
		{25CE7503-012F-47D3-B793-1DFC9ED71653}.Release|Mixed Platforms.ActiveCfg = Release|x86
		{25CE7503-012F-47D3-B793-1DFC9ED71653}.Release|Mixed Platforms.Build.0 = Release|x86
		{25CE7503-012F-47D3-B793-1DFC9ED71653}.Release|Mixed Platforms.Deploy.0 = Release|x86
		{25CE7503-012F-47D3-B793-1DFC9ED71653}.Release|x64.ActiveCfg = Release|x64
		{25CE7503-012F-47D3-B793-1DFC9ED71653}.Release|x64.Build.0 = Release|x64
		{25CE7503-012F-47D3-B793-1DFC9ED71653}.Release|x64.Deploy.0 = Release|x64
		{25CE7503-012F-47D3-B793-1DFC9ED71653}.Release|x86.ActiveCfg = Release|x86
		{25CE7503-012F-47D3-B793-1DFC9ED71653}.Release|x86.Build.0 = Release|x86
		{25CE7503-012F-47D3-B793-1DFC9ED71653}.Release|x86.Deploy.0 = Release|x86
		{51F6AB64-7118-4430-980D-1F318828ECF9}.Ad-Hoc|Any CPU.ActiveCfg = Release|Any CPU
		{51F6AB64-7118-4430-980D-1F318828ECF9}.Ad-Hoc|Any CPU.Build.0 = Release|Any CPU
		{51F6AB64-7118-4430-980D-1F318828ECF9}.Ad-Hoc|ARM.ActiveCfg = Release|Any CPU
		{51F6AB64-7118-4430-980D-1F318828ECF9}.Ad-Hoc|iPhone.ActiveCfg = Release|Any CPU
		{51F6AB64-7118-4430-980D-1F318828ECF9}.Ad-Hoc|iPhoneSimulator.ActiveCfg = Release|Any CPU
		{51F6AB64-7118-4430-980D-1F318828ECF9}.Ad-Hoc|Mixed Platforms.ActiveCfg = Release|Any CPU
		{51F6AB64-7118-4430-980D-1F318828ECF9}.Ad-Hoc|Mixed Platforms.Build.0 = Release|Any CPU
		{51F6AB64-7118-4430-980D-1F318828ECF9}.Ad-Hoc|x64.ActiveCfg = Release|Any CPU
		{51F6AB64-7118-4430-980D-1F318828ECF9}.Ad-Hoc|x86.ActiveCfg = Release|Any CPU
		{51F6AB64-7118-4430-980D-1F318828ECF9}.AppStore|Any CPU.ActiveCfg = Release|Any CPU
		{51F6AB64-7118-4430-980D-1F318828ECF9}.AppStore|Any CPU.Build.0 = Release|Any CPU
		{51F6AB64-7118-4430-980D-1F318828ECF9}.AppStore|ARM.ActiveCfg = Release|Any CPU
		{51F6AB64-7118-4430-980D-1F318828ECF9}.AppStore|iPhone.ActiveCfg = Release|Any CPU
		{51F6AB64-7118-4430-980D-1F318828ECF9}.AppStore|iPhoneSimulator.ActiveCfg = Release|Any CPU
		{51F6AB64-7118-4430-980D-1F318828ECF9}.AppStore|Mixed Platforms.ActiveCfg = Release|Any CPU
		{51F6AB64-7118-4430-980D-1F318828ECF9}.AppStore|Mixed Platforms.Build.0 = Release|Any CPU
		{51F6AB64-7118-4430-980D-1F318828ECF9}.AppStore|x64.ActiveCfg = Release|Any CPU
		{51F6AB64-7118-4430-980D-1F318828ECF9}.AppStore|x86.ActiveCfg = Release|Any CPU
		{51F6AB64-7118-4430-980D-1F318828ECF9}.Debug|Any CPU.ActiveCfg = Debug|Any CPU
		{51F6AB64-7118-4430-980D-1F318828ECF9}.Debug|Any CPU.Build.0 = Debug|Any CPU
		{51F6AB64-7118-4430-980D-1F318828ECF9}.Debug|ARM.ActiveCfg = Debug|Any CPU
		{51F6AB64-7118-4430-980D-1F318828ECF9}.Debug|iPhone.ActiveCfg = Debug|Any CPU
		{51F6AB64-7118-4430-980D-1F318828ECF9}.Debug|iPhoneSimulator.ActiveCfg = Debug|Any CPU
		{51F6AB64-7118-4430-980D-1F318828ECF9}.Debug|Mixed Platforms.ActiveCfg = Debug|Any CPU
		{51F6AB64-7118-4430-980D-1F318828ECF9}.Debug|Mixed Platforms.Build.0 = Debug|Any CPU
		{51F6AB64-7118-4430-980D-1F318828ECF9}.Debug|x64.ActiveCfg = Debug|Any CPU
		{51F6AB64-7118-4430-980D-1F318828ECF9}.Debug|x86.ActiveCfg = Debug|Any CPU
		{51F6AB64-7118-4430-980D-1F318828ECF9}.Release|Any CPU.ActiveCfg = Release|Any CPU
		{51F6AB64-7118-4430-980D-1F318828ECF9}.Release|Any CPU.Build.0 = Release|Any CPU
		{51F6AB64-7118-4430-980D-1F318828ECF9}.Release|ARM.ActiveCfg = Release|Any CPU
		{51F6AB64-7118-4430-980D-1F318828ECF9}.Release|iPhone.ActiveCfg = Release|Any CPU
		{51F6AB64-7118-4430-980D-1F318828ECF9}.Release|iPhoneSimulator.ActiveCfg = Release|Any CPU
		{51F6AB64-7118-4430-980D-1F318828ECF9}.Release|Mixed Platforms.ActiveCfg = Release|Any CPU
		{51F6AB64-7118-4430-980D-1F318828ECF9}.Release|Mixed Platforms.Build.0 = Release|Any CPU
		{51F6AB64-7118-4430-980D-1F318828ECF9}.Release|x64.ActiveCfg = Release|Any CPU
		{51F6AB64-7118-4430-980D-1F318828ECF9}.Release|x86.ActiveCfg = Release|Any CPU
	EndGlobalSection
	GlobalSection(SolutionProperties) = preSolution
		HideSolutionNode = FALSE
	EndGlobalSection
	GlobalSection(MonoDevelopProperties) = preSolution
		StartupItem = XamarinStore.Droid\XamarinStore.Droid.csproj
		Policies = $0
		$0.DotNetNamingPolicy = $1
		$1.DirectoryNamespaceAssociation = None
		$1.ResourceNamePolicy = FileFormatDefault
		$0.TextStylePolicy = $2
		$2.FileWidth = 120
		$2.TabsToSpaces = False
		$2.inheritsSet = VisualStudio
		$2.inheritsScope = text/plain
	EndGlobalSection
EndGlobal
